
Microsoft Visual Studio Solution File, Format Version 12.00
# Visual Studio Version 16
VisualStudioVersion = 16.0.31624.102
MinimumVisualStudioVersion = 10.0.40219.1
Project("{FAE04EC0-301F-11D3-BF4B-00C04F79EFBC}") = "Panosen.Toolkit", "Panosen.Toolkit\Panosen.Toolkit.csproj", "{44D89985-77E8-4537-88F6-56D3BEA5CE7F}"
EndProject
Project("{FAE04EC0-301F-11D3-BF4B-00C04F79EFBC}") = "Panosen.Toolkit.MSTest", "Panosen.Toolkit.MSTest\Panosen.Toolkit.MSTest.csproj", "{BB2227B4-1DB2-4783-8501-27DFCA22D3D5}"
EndProject
Global
	GlobalSection(SolutionConfigurationPlatforms) = preSolution
		Debug|Any CPU = Debug|Any CPU
		Release|Any CPU = Release|Any CPU
	EndGlobalSection
	GlobalSection(ProjectConfigurationPlatforms) = postSolution
		{44D89985-77E8-4537-88F6-56D3BEA5CE7F}.Debug|Any CPU.ActiveCfg = Debug|Any CPU
		{44D89985-77E8-4537-88F6-56D3BEA5CE7F}.Debug|Any CPU.Build.0 = Debug|Any CPU
		{44D89985-77E8-4537-88F6-56D3BEA5CE7F}.Release|Any CPU.ActiveCfg = Release|Any CPU
		{44D89985-77E8-4537-88F6-56D3BEA5CE7F}.Release|Any CPU.Build.0 = Release|Any CPU
		{BB2227B4-1DB2-4783-8501-27DFCA22D3D5}.Debug|Any CPU.ActiveCfg = Debug|Any CPU
		{BB2227B4-1DB2-4783-8501-27DFCA22D3D5}.Debug|Any CPU.Build.0 = Debug|Any CPU
		{BB2227B4-1DB2-4783-8501-27DFCA22D3D5}.Release|Any CPU.ActiveCfg = Release|Any CPU
		{BB2227B4-1DB2-4783-8501-27DFCA22D3D5}.Release|Any CPU.Build.0 = Release|Any CPU
	EndGlobalSection
	GlobalSection(SolutionProperties) = preSolution
		HideSolutionNode = FALSE
	EndGlobalSection
	GlobalSection(ExtensibilityGlobals) = postSolution
		SolutionGuid = {3160ED6B-6B1C-4CF7-96C2-876FCBA37B25}
	EndGlobalSection
EndGlobal
